
Microsoft Visual Studio Solution File, Format Version 12.00
# Visual Studio Version 17
VisualStudioVersion = 17.3.32929.385
MinimumVisualStudioVersion = 10.0.40219.1
Project("{9A19103F-16F7-4668-BE54-9A1E7A4F7556}") = "Day2", "Day2\Day2.csproj", "{A8514EE6-78FA-4B73-9B13-5AA36FBD8C65}"
EndProject
Project("{FAE04EC0-301F-11D3-BF4B-00C04F79EFBC}") = "Day3", "Day3\Day3.csproj", "{8E6216BB-449D-4330-BECA-7CE8A8A73357}"
EndProject
Project("{FAE04EC0-301F-11D3-BF4B-00C04F79EFBC}") = "Day4", "Day4\Day4.csproj", "{D703D667-60E9-4126-BB53-E9F94DCF7D1C}"
EndProject
Project("{FAE04EC0-301F-11D3-BF4B-00C04F79EFBC}") = "Day5", "Day5\Day5.csproj", "{F2C49250-C78A-4737-A8EC-D7A4ABF2167C}"
EndProject
Project("{FAE04EC0-301F-11D3-BF4B-00C04F79EFBC}") = "Day6", "Day6\Day6.csproj", "{38F270EC-3F0F-4B06-9B91-2EAECF85100B}"
EndProject
Global
	GlobalSection(SolutionConfigurationPlatforms) = preSolution
		Debug|Any CPU = Debug|Any CPU
		Release|Any CPU = Release|Any CPU
	EndGlobalSection
	GlobalSection(ProjectConfigurationPlatforms) = postSolution
		{A8514EE6-78FA-4B73-9B13-5AA36FBD8C65}.Debug|Any CPU.ActiveCfg = Debug|Any CPU
		{A8514EE6-78FA-4B73-9B13-5AA36FBD8C65}.Debug|Any CPU.Build.0 = Debug|Any CPU
		{A8514EE6-78FA-4B73-9B13-5AA36FBD8C65}.Release|Any CPU.ActiveCfg = Release|Any CPU
		{A8514EE6-78FA-4B73-9B13-5AA36FBD8C65}.Release|Any CPU.Build.0 = Release|Any CPU
		{8E6216BB-449D-4330-BECA-7CE8A8A73357}.Debug|Any CPU.ActiveCfg = Debug|Any CPU
		{8E6216BB-449D-4330-BECA-7CE8A8A73357}.Debug|Any CPU.Build.0 = Debug|Any CPU
		{8E6216BB-449D-4330-BECA-7CE8A8A73357}.Release|Any CPU.ActiveCfg = Release|Any CPU
		{8E6216BB-449D-4330-BECA-7CE8A8A73357}.Release|Any CPU.Build.0 = Release|Any CPU
		{D703D667-60E9-4126-BB53-E9F94DCF7D1C}.Debug|Any CPU.ActiveCfg = Debug|Any CPU
		{D703D667-60E9-4126-BB53-E9F94DCF7D1C}.Debug|Any CPU.Build.0 = Debug|Any CPU
		{D703D667-60E9-4126-BB53-E9F94DCF7D1C}.Release|Any CPU.ActiveCfg = Release|Any CPU
		{D703D667-60E9-4126-BB53-E9F94DCF7D1C}.Release|Any CPU.Build.0 = Release|Any CPU
		{F2C49250-C78A-4737-A8EC-D7A4ABF2167C}.Debug|Any CPU.ActiveCfg = Debug|Any CPU
		{F2C49250-C78A-4737-A8EC-D7A4ABF2167C}.Debug|Any CPU.Build.0 = Debug|Any CPU
		{F2C49250-C78A-4737-A8EC-D7A4ABF2167C}.Release|Any CPU.ActiveCfg = Release|Any CPU
		{F2C49250-C78A-4737-A8EC-D7A4ABF2167C}.Release|Any CPU.Build.0 = Release|Any CPU
		{38F270EC-3F0F-4B06-9B91-2EAECF85100B}.Debug|Any CPU.ActiveCfg = Debug|Any CPU
		{38F270EC-3F0F-4B06-9B91-2EAECF85100B}.Debug|Any CPU.Build.0 = Debug|Any CPU
		{38F270EC-3F0F-4B06-9B91-2EAECF85100B}.Release|Any CPU.ActiveCfg = Release|Any CPU
		{38F270EC-3F0F-4B06-9B91-2EAECF85100B}.Release|Any CPU.Build.0 = Release|Any CPU
	EndGlobalSection
	GlobalSection(SolutionProperties) = preSolution
		HideSolutionNode = FALSE
	EndGlobalSection
	GlobalSection(ExtensibilityGlobals) = postSolution
		SolutionGuid = {7F9C22E2-7B76-4D1A-AEEE-019198C9D6F9}
	EndGlobalSection
EndGlobal
